// !$*UTF8*$!
{
	archiveVersion = 1;
	classes = {
	};
	objectVersion = 77;
	objects = {

/* Begin PBXContainerItemProxy section */
		125F9FD62DEDA742005197A0 /* PBXContainerItemProxy */ = {
			isa = PBXContainerItemProxy;
			containerPortal = 125F9FC02DEDA73E005197A0 /* Project object */;
			proxyType = 1;
			remoteGlobalIDString = 125F9FC72DEDA73E005197A0;
			remoteInfo = LBGToDo;
		};
		125F9FE02DEDA742005197A0 /* PBXContainerItemProxy */ = {
			isa = PBXContainerItemProxy;
			containerPortal = 125F9FC02DEDA73E005197A0 /* Project object */;
			proxyType = 1;
			remoteGlobalIDString = 125F9FC72DEDA73E005197A0;
			remoteInfo = LBGToDo;
		};
/* End PBXContainerItemProxy section */

/* Begin PBXFileReference section */
		125F9FC82DEDA73E005197A0 /* LBGToDo.app */ = {isa = PBXFileReference; explicitFileType = wrapper.application; includeInIndex = 0; path = LBGToDo.app; sourceTree = BUILT_PRODUCTS_DIR; };
		125F9FD52DEDA742005197A0 /* LBGToDoTests.xctest */ = {isa = PBXFileReference; explicitFileType = wrapper.cfbundle; includeInIndex = 0; path = LBGToDoTests.xctest; sourceTree = BUILT_PRODUCTS_DIR; };
		125F9FDF2DEDA742005197A0 /* LBGToDoUITests.xctest */ = {isa = PBXFileReference; explicitFileType = wrapper.cfbundle; includeInIndex = 0; path = LBGToDoUITests.xctest; sourceTree = BUILT_PRODUCTS_DIR; };
/* End PBXFileReference section */

/* Begin PBXFileSystemSynchronizedRootGroup section */
		125F9FCA2DEDA73E005197A0 /* LBGToDo */ = {
			isa = PBXFileSystemSynchronizedRootGroup;
			path = LBGToDo;
			sourceTree = "<group>";
		};
		125F9FD82DEDA742005197A0 /* LBGToDoTests */ = {
			isa = PBXFileSystemSynchronizedRootGroup;
			path = LBGToDoTests;
			sourceTree = "<group>";
		};
		125F9FE22DEDA742005197A0 /* LBGToDoUITests */ = {
			isa = PBXFileSystemSynchronizedRootGroup;
			path = LBGToDoUITests;
			sourceTree = "<group>";
		};
/* End PBXFileSystemSynchronizedRootGroup section */

/* Begin PBXFrameworksBuildPhase section */
		125F9FC52DEDA73E005197A0 /* Frameworks */ = {
			isa = PBXFrameworksBuildPhase;
			buildActionMask = 2147483647;
			files = (
			);
			runOnlyForDeploymentPostprocessing = 0;
		};
		125F9FD22DEDA742005197A0 /* Frameworks */ = {
			isa = PBXFrameworksBuildPhase;
			buildActionMask = 2147483647;
			files = (
			);
			runOnlyForDeploymentPostprocessing = 0;
		};
		125F9FDC2DEDA742005197A0 /* Frameworks */ = {
			isa = PBXFrameworksBuildPhase;
			buildActionMask = 2147483647;
			files = (
			);
			runOnlyForDeploymentPostprocessing = 0;
		};
/* End PBXFrameworksBuildPhase section */

/* Begin PBXGroup section */
		125F9FBF2DEDA73E005197A0 = {
			isa = PBXGroup;
			children = (
				125F9FCA2DEDA73E005197A0 /* LBGToDo */,
				125F9FD82DEDA742005197A0 /* LBGToDoTests */,
				125F9FE22DEDA742005197A0 /* LBGToDoUITests */,
				125F9FC92DEDA73E005197A0 /* Products */,
			);
			sourceTree = "<group>";
		};
		125F9FC92DEDA73E005197A0 /* Products */ = {
			isa = PBXGroup;
			children = (
				125F9FC82DEDA73E005197A0 /* LBGToDo.app */,
				125F9FD52DEDA742005197A0 /* LBGToDoTests.xctest */,
				125F9FDF2DEDA742005197A0 /* LBGToDoUITests.xctest */,
			);
			name = Products;
			sourceTree = "<group>";
		};
/* End PBXGroup section */

/* Begin PBXNativeTarget section */
		125F9FC72DEDA73E005197A0 /* LBGToDo */ = {
			isa = PBXNativeTarget;
			buildConfigurationList = 125F9FE92DEDA742005197A0 /* Build configuration list for PBXNativeTarget "LBGToDo" */;
			buildPhases = (
				125F9FC42DEDA73E005197A0 /* Sources */,
				125F9FC52DEDA73E005197A0 /* Frameworks */,
				125F9FC62DEDA73E005197A0 /* Resources */,
			);
			buildRules = (
			);
			dependencies = (
			);
			fileSystemSynchronizedGroups = (
				125F9FCA2DEDA73E005197A0 /* LBGToDo */,
			);
			name = LBGToDo;
			packageProductDependencies = (
			);
			productName = LBGToDo;
			productReference = 125F9FC82DEDA73E005197A0 /* LBGToDo.app */;
			productType = "com.apple.product-type.application";
		};
		125F9FD42DEDA742005197A0 /* LBGToDoTests */ = {
			isa = PBXNativeTarget;
			buildConfigurationList = 125F9FEC2DEDA742005197A0 /* Build configuration list for PBXNativeTarget "LBGToDoTests" */;
			buildPhases = (
				125F9FD12DEDA742005197A0 /* Sources */,
				125F9FD22DEDA742005197A0 /* Frameworks */,
				125F9FD32DEDA742005197A0 /* Resources */,
			);
			buildRules = (
			);
			dependencies = (
				125F9FD72DEDA742005197A0 /* PBXTargetDependency */,
			);
			fileSystemSynchronizedGroups = (
				125F9FD82DEDA742005197A0 /* LBGToDoTests */,
			);
			name = LBGToDoTests;
			packageProductDependencies = (
			);
			productName = LBGToDoTests;
			productReference = 125F9FD52DEDA742005197A0 /* LBGToDoTests.xctest */;
			productType = "com.apple.product-type.bundle.unit-test";
		};
		125F9FDE2DEDA742005197A0 /* LBGToDoUITests */ = {
			isa = PBXNativeTarget;
			buildConfigurationList = 125F9FEF2DEDA742005197A0 /* Build configuration list for PBXNativeTarget "LBGToDoUITests" */;
			buildPhases = (
				125F9FDB2DEDA742005197A0 /* Sources */,
				125F9FDC2DEDA742005197A0 /* Frameworks */,
				125F9FDD2DEDA742005197A0 /* Resources */,
			);
			buildRules = (
			);
			dependencies = (
				125F9FE12DEDA742005197A0 /* PBXTargetDependency */,
			);
			fileSystemSynchronizedGroups = (
				125F9FE22DEDA742005197A0 /* LBGToDoUITests */,
			);
			name = LBGToDoUITests;
			packageProductDependencies = (
			);
			productName = LBGToDoUITests;
			productReference = 125F9FDF2DEDA742005197A0 /* LBGToDoUITests.xctest */;
			productType = "com.apple.product-type.bundle.ui-testing";
		};
/* End PBXNativeTarget section */

/* Begin PBXProject section */
		125F9FC02DEDA73E005197A0 /* Project object */ = {
			isa = PBXProject;
			attributes = {
				BuildIndependentTargetsInParallel = 1;
				LastSwiftUpdateCheck = 1640;
				LastUpgradeCheck = 1640;
				TargetAttributes = {
					125F9FC72DEDA73E005197A0 = {
						CreatedOnToolsVersion = 16.4;
					};
					125F9FD42DEDA742005197A0 = {
						CreatedOnToolsVersion = 16.4;
						TestTargetID = 125F9FC72DEDA73E005197A0;
					};
					125F9FDE2DEDA742005197A0 = {
						CreatedOnToolsVersion = 16.4;
						TestTargetID = 125F9FC72DEDA73E005197A0;
					};
				};
			};
			buildConfigurationList = 125F9FC32DEDA73E005197A0 /* Build configuration list for PBXProject "LBGToDo" */;
			developmentRegion = en;
			hasScannedForEncodings = 0;
			knownRegions = (
				en,
				Base,
			);
			mainGroup = 125F9FBF2DEDA73E005197A0;
			minimizedProjectReferenceProxies = 1;
			preferredProjectObjectVersion = 77;
			productRefGroup = 125F9FC92DEDA73E005197A0 /* Products */;
			projectDirPath = "";
			projectRoot = "";
			targets = (
				125F9FC72DEDA73E005197A0 /* LBGToDo */,
				125F9FD42DEDA742005197A0 /* LBGToDoTests */,
				125F9FDE2DEDA742005197A0 /* LBGToDoUITests */,
			);
		};
/* End PBXProject section */

/* Begin PBXResourcesBuildPhase section */
		125F9FC62DEDA73E005197A0 /* Resources */ = {
			isa = PBXResourcesBuildPhase;
			buildActionMask = 2147483647;
			files = (
			);
			runOnlyForDeploymentPostprocessing = 0;
		};
		125F9FD32DEDA742005197A0 /* Resources */ = {
			isa = PBXResourcesBuildPhase;
			buildActionMask = 2147483647;
			files = (
			);
			runOnlyForDeploymentPostprocessing = 0;
		};
		125F9FDD2DEDA742005197A0 /* Resources */ = {
			isa = PBXResourcesBuildPhase;
			buildActionMask = 2147483647;
			files = (
			);
			runOnlyForDeploymentPostprocessing = 0;
		};
/* End PBXResourcesBuildPhase section */

/* Begin PBXSourcesBuildPhase section */
		125F9FC42DEDA73E005197A0 /* Sources */ = {
			isa = PBXSourcesBuildPhase;
			buildActionMask = 2147483647;
			files = (
			);
			runOnlyForDeploymentPostprocessing = 0;
		};
		125F9FD12DEDA742005197A0 /* Sources */ = {
			isa = PBXSourcesBuildPhase;
			buildActionMask = 2147483647;
			files = (
			);
			runOnlyForDeploymentPostprocessing = 0;
		};
		125F9FDB2DEDA742005197A0 /* Sources */ = {
			isa = PBXSourcesBuildPhase;
			buildActionMask = 2147483647;
			files = (
			);
			runOnlyForDeploymentPostprocessing = 0;
		};
/* End PBXSourcesBuildPhase section */

/* Begin PBXTargetDependency section */
		125F9FD72DEDA742005197A0 /* PBXTargetDependency */ = {
			isa = PBXTargetDependency;
			target = 125F9FC72DEDA73E005197A0 /* LBGToDo */;
			targetProxy = 125F9FD62DEDA742005197A0 /* PBXContainerItemProxy */;
		};
		125F9FE12DEDA742005197A0 /* PBXTargetDependency */ = {
			isa = PBXTargetDependency;
			target = 125F9FC72DEDA73E005197A0 /* LBGToDo */;
			targetProxy = 125F9FE02DEDA742005197A0 /* PBXContainerItemProxy */;
		};
/* End PBXTargetDependency section */

/* Begin XCBuildConfiguration section */
		125F9FE72DEDA742005197A0 /* Debug */ = {
			isa = XCBuildConfiguration;
			buildSettings = {
				ALWAYS_SEARCH_USER_PATHS = NO;
				ASSETCATALOG_COMPILER_GENERATE_SWIFT_ASSET_SYMBOL_EXTENSIONS = YES;
				CLANG_ANALYZER_NONNULL = YES;
				CLANG_ANALYZER_NUMBER_OBJECT_CONVERSION = YES_AGGRESSIVE;
				CLANG_CXX_LANGUAGE_STANDARD = "gnu++20";
				CLANG_ENABLE_MODULES = YES;
				CLANG_ENABLE_OBJC_ARC = YES;
				CLANG_ENABLE_OBJC_WEAK = YES;
				CLANG_WARN_BLOCK_CAPTURE_AUTORELEASING = YES;
				CLANG_WARN_BOOL_CONVERSION = YES;
				CLANG_WARN_COMMA = YES;
				CLANG_WARN_CONSTANT_CONVERSION = YES;
				CLANG_WARN_DEPRECATED_OBJC_IMPLEMENTATIONS = YES;
				CLANG_WARN_DIRECT_OBJC_ISA_USAGE = YES_ERROR;
				CLANG_WARN_DOCUMENTATION_COMMENTS = YES;
				CLANG_WARN_EMPTY_BODY = YES;
				CLANG_WARN_ENUM_CONVERSION = YES;
				CLANG_WARN_INFINITE_RECURSION = YES;
				CLANG_WARN_INT_CONVERSION = YES;
				CLANG_WARN_NON_LITERAL_NULL_CONVERSION = YES;
				CLANG_WARN_OBJC_IMPLICIT_RETAIN_SELF = YES;
				CLANG_WARN_OBJC_LITERAL_CONVERSION = YES;
				CLANG_WARN_OBJC_ROOT_CLASS = YES_ERROR;
				CLANG_WARN_QUOTED_INCLUDE_IN_FRAMEWORK_HEADER = YES;
				CLANG_WARN_RANGE_LOOP_ANALYSIS = YES;
				CLANG_WARN_STRICT_PROTOTYPES = YES;
				CLANG_WARN_SUSPICIOUS_MOVE = YES;
				CLANG_WARN_UNGUARDED_AVAILABILITY = YES_AGGRESSIVE;
				CLANG_WARN_UNREACHABLE_CODE = YES;
				CLANG_WARN__DUPLICATE_METHOD_MATCH = YES;
				COPY_PHASE_STRIP = NO;
				DEBUG_INFORMATION_FORMAT = dwarf;
				ENABLE_STRICT_OBJC_MSGSEND = YES;
				ENABLE_TESTABILITY = YES;
				ENABLE_USER_SCRIPT_SANDBOXING = YES;
				GCC_C_LANGUAGE_STANDARD = gnu17;
				GCC_DYNAMIC_NO_PIC = NO;
				GCC_NO_COMMON_BLOCKS = YES;
				GCC_OPTIMIZATION_LEVEL = 0;
				GCC_PREPROCESSOR_DEFINITIONS = (
					"DEBUG=1",
					"$(inherited)",
				);
				GCC_WARN_64_TO_32_BIT_CONVERSION = YES;
				GCC_WARN_ABOUT_RETURN_TYPE = YES_ERROR;
				GCC_WARN_UNDECLARED_SELECTOR = YES;
				GCC_WARN_UNINITIALIZED_AUTOS = YES_AGGRESSIVE;
				GCC_WARN_UNUSED_FUNCTION = YES;
				GCC_WARN_UNUSED_VARIABLE = YES;
				IPHONEOS_DEPLOYMENT_TARGET = 18.5;
				LOCALIZATION_PREFERS_STRING_CATALOGS = YES;
				MTL_ENABLE_DEBUG_INFO = INCLUDE_SOURCE;
				MTL_FAST_MATH = YES;
				ONLY_ACTIVE_ARCH = YES;
				SDKROOT = iphoneos;
				SWIFT_ACTIVE_COMPILATION_CONDITIONS = "DEBUG $(inherited)";
				SWIFT_OPTIMIZATION_LEVEL = "-Onone";
			};
			name = Debug;
		};
		125F9FE82DEDA742005197A0 /* Release */ = {
			isa = XCBuildConfiguration;
			buildSettings = {
				ALWAYS_SEARCH_USER_PATHS = NO;
				ASSETCATALOG_COMPILER_GENERATE_SWIFT_ASSET_SYMBOL_EXTENSIONS = YES;
				CLANG_ANALYZER_NONNULL = YES;
				CLANG_ANALYZER_NUMBER_OBJECT_CONVERSION = YES_AGGRESSIVE;
				CLANG_CXX_LANGUAGE_STANDARD = "gnu++20";
				CLANG_ENABLE_MODULES = YES;
				CLANG_ENABLE_OBJC_ARC = YES;
				CLANG_ENABLE_OBJC_WEAK = YES;
				CLANG_WARN_BLOCK_CAPTURE_AUTORELEASING = YES;
				CLANG_WARN_BOOL_CONVERSION = YES;
				CLANG_WARN_COMMA = YES;
				CLANG_WARN_CONSTANT_CONVERSION = YES;
				CLANG_WARN_DEPRECATED_OBJC_IMPLEMENTATIONS = YES;
				CLANG_WARN_DIRECT_OBJC_ISA_USAGE = YES_ERROR;
				CLANG_WARN_DOCUMENTATION_COMMENTS = YES;
				CLANG_WARN_EMPTY_BODY = YES;
				CLANG_WARN_ENUM_CONVERSION = YES;
				CLANG_WARN_INFINITE_RECURSION = YES;
				CLANG_WARN_INT_CONVERSION = YES;
				CLANG_WARN_NON_LITERAL_NULL_CONVERSION = YES;
				CLANG_WARN_OBJC_IMPLICIT_RETAIN_SELF = YES;
				CLANG_WARN_OBJC_LITERAL_CONVERSION = YES;
				CLANG_WARN_OBJC_ROOT_CLASS = YES_ERROR;
				CLANG_WARN_QUOTED_INCLUDE_IN_FRAMEWORK_HEADER = YES;
				CLANG_WARN_RANGE_LOOP_ANALYSIS = YES;
				CLANG_WARN_STRICT_PROTOTYPES = YES;
				CLANG_WARN_SUSPICIOUS_MOVE = YES;
				CLANG_WARN_UNGUARDED_AVAILABILITY = YES_AGGRESSIVE;
				CLANG_WARN_UNREACHABLE_CODE = YES;
				CLANG_WARN__DUPLICATE_METHOD_MATCH = YES;
				COPY_PHASE_STRIP = NO;
				DEBUG_INFORMATION_FORMAT = "dwarf-with-dsym";
				ENABLE_NS_ASSERTIONS = NO;
				ENABLE_STRICT_OBJC_MSGSEND = YES;
				ENABLE_USER_SCRIPT_SANDBOXING = YES;
				GCC_C_LANGUAGE_STANDARD = gnu17;
				GCC_NO_COMMON_BLOCKS = YES;
				GCC_WARN_64_TO_32_BIT_CONVERSION = YES;
				GCC_WARN_ABOUT_RETURN_TYPE = YES_ERROR;
				GCC_WARN_UNDECLARED_SELECTOR = YES;
				GCC_WARN_UNINITIALIZED_AUTOS = YES_AGGRESSIVE;
				GCC_WARN_UNUSED_FUNCTION = YES;
				GCC_WARN_UNUSED_VARIABLE = YES;
				IPHONEOS_DEPLOYMENT_TARGET = 18.5;
				LOCALIZATION_PREFERS_STRING_CATALOGS = YES;
				MTL_ENABLE_DEBUG_INFO = NO;
				MTL_FAST_MATH = YES;
				SDKROOT = iphoneos;
				SWIFT_COMPILATION_MODE = wholemodule;
				VALIDATE_PRODUCT = YES;
			};
			name = Release;
		};
		125F9FEA2DEDA742005197A0 /* Debug */ = {
			isa = XCBuildConfiguration;
			buildSettings = {
				ASSETCATALOG_COMPILER_APPICON_NAME = AppIcon;
				ASSETCATALOG_COMPILER_GLOBAL_ACCENT_COLOR_NAME = AccentColor;
				CODE_SIGN_STYLE = Automatic;
				CURRENT_PROJECT_VERSION = 1;
				ENABLE_PREVIEWS = YES;
				GENERATE_INFOPLIST_FILE = YES;
				INFOPLIST_KEY_UIApplicationSceneManifest_Generation = YES;
				INFOPLIST_KEY_UIApplicationSupportsIndirectInputEvents = YES;
				INFOPLIST_KEY_UILaunchScreen_Generation = YES;
				INFOPLIST_KEY_UISupportedInterfaceOrientations_iPad = "UIInterfaceOrientationPortrait UIInterfaceOrientationPortraitUpsideDown UIInterfaceOrientationLandscapeLeft UIInterfaceOrientationLandscapeRight";
				INFOPLIST_KEY_UISupportedInterfaceOrientations_iPhone = "UIInterfaceOrientationPortrait UIInterfaceOrientationLandscapeLeft UIInterfaceOrientationLandscapeRight";
				LD_RUNPATH_SEARCH_PATHS = (
					"$(inherited)",
					"@executable_path/Frameworks",
				);
				MARKETING_VERSION = 1.0;
				PRODUCT_BUNDLE_IDENTIFIER = demo.LBGToDoApp.LBGToDo;
				PRODUCT_NAME = "$(TARGET_NAME)";
				SWIFT_EMIT_LOC_STRINGS = YES;
				SWIFT_VERSION = 5.0;
				TARGETED_DEVICE_FAMILY = "1,2";
			};
			name = Debug;
		};
		125F9FEB2DEDA742005197A0 /* Release */ = {
			isa = XCBuildConfiguration;
			buildSettings = {
				ASSETCATALOG_COMPILER_APPICON_NAME = AppIcon;
				ASSETCATALOG_COMPILER_GLOBAL_ACCENT_COLOR_NAME = AccentColor;
				CODE_SIGN_STYLE = Automatic;
				CURRENT_PROJECT_VERSION = 1;
				ENABLE_PREVIEWS = YES;
				GENERATE_INFOPLIST_FILE = YES;
				INFOPLIST_KEY_UIApplicationSceneManifest_Generation = YES;
				INFOPLIST_KEY_UIApplicationSupportsIndirectInputEvents = YES;
				INFOPLIST_KEY_UILaunchScreen_Generation = YES;
				INFOPLIST_KEY_UISupportedInterfaceOrientations_iPad = "UIInterfaceOrientationPortrait UIInterfaceOrientationPortraitUpsideDown UIInterfaceOrientationLandscapeLeft UIInterfaceOrientationLandscapeRight";
				INFOPLIST_KEY_UISupportedInterfaceOrientations_iPhone = "UIInterfaceOrientationPortrait UIInterfaceOrientationLandscapeLeft UIInterfaceOrientationLandscapeRight";
				LD_RUNPATH_SEARCH_PATHS = (
					"$(inherited)",
					"@executable_path/Frameworks",
				);
				MARKETING_VERSION = 1.0;
				PRODUCT_BUNDLE_IDENTIFIER = demo.LBGToDoApp.LBGToDo;
				PRODUCT_NAME = "$(TARGET_NAME)";
				SWIFT_EMIT_LOC_STRINGS = YES;
				SWIFT_VERSION = 5.0;
				TARGETED_DEVICE_FAMILY = "1,2";
			};
			name = Release;
		};
		125F9FED2DEDA742005197A0 /* Debug */ = {
			isa = XCBuildConfiguration;
			buildSettings = {
				BUNDLE_LOADER = "$(TEST_HOST)";
				CODE_SIGN_STYLE = Automatic;
				CURRENT_PROJECT_VERSION = 1;
				GENERATE_INFOPLIST_FILE = YES;
				IPHONEOS_DEPLOYMENT_TARGET = 18.5;
				MARKETING_VERSION = 1.0;
				PRODUCT_BUNDLE_IDENTIFIER = demo.LBGToDoApp.LBGToDoTests;
				PRODUCT_NAME = "$(TARGET_NAME)";
				SWIFT_EMIT_LOC_STRINGS = NO;
				SWIFT_VERSION = 5.0;
				TARGETED_DEVICE_FAMILY = "1,2";
				TEST_HOST = "$(BUILT_PRODUCTS_DIR)/LBGToDo.app/$(BUNDLE_EXECUTABLE_FOLDER_PATH)/LBGToDo";
			};
			name = Debug;
		};
		125F9FEE2DEDA742005197A0 /* Release */ = {
			isa = XCBuildConfiguration;
			buildSettings = {
				BUNDLE_LOADER = "$(TEST_HOST)";
				CODE_SIGN_STYLE = Automatic;
				CURRENT_PROJECT_VERSION = 1;
				GENERATE_INFOPLIST_FILE = YES;
				IPHONEOS_DEPLOYMENT_TARGET = 18.5;
				MARKETING_VERSION = 1.0;
				PRODUCT_BUNDLE_IDENTIFIER = demo.LBGToDoApp.LBGToDoTests;
				PRODUCT_NAME = "$(TARGET_NAME)";
				SWIFT_EMIT_LOC_STRINGS = NO;
				SWIFT_VERSION = 5.0;
				TARGETED_DEVICE_FAMILY = "1,2";
				TEST_HOST = "$(BUILT_PRODUCTS_DIR)/LBGToDo.app/$(BUNDLE_EXECUTABLE_FOLDER_PATH)/LBGToDo";
			};
			name = Release;
		};
		125F9FF02DEDA742005197A0 /* Debug */ = {
			isa = XCBuildConfiguration;
			buildSettings = {
				CODE_SIGN_STYLE = Automatic;
				CURRENT_PROJECT_VERSION = 1;
				GENERATE_INFOPLIST_FILE = YES;
				MARKETING_VERSION = 1.0;
				PRODUCT_BUNDLE_IDENTIFIER = demo.LBGToDoApp.LBGToDoUITests;
				PRODUCT_NAME = "$(TARGET_NAME)";
				SWIFT_EMIT_LOC_STRINGS = NO;
				SWIFT_VERSION = 5.0;
				TARGETED_DEVICE_FAMILY = "1,2";
				TEST_TARGET_NAME = LBGToDo;
			};
			name = Debug;
		};
		125F9FF12DEDA742005197A0 /* Release */ = {
			isa = XCBuildConfiguration;
			buildSettings = {
				CODE_SIGN_STYLE = Automatic;
				CURRENT_PROJECT_VERSION = 1;
				GENERATE_INFOPLIST_FILE = YES;
				MARKETING_VERSION = 1.0;
				PRODUCT_BUNDLE_IDENTIFIER = demo.LBGToDoApp.LBGToDoUITests;
				PRODUCT_NAME = "$(TARGET_NAME)";
				SWIFT_EMIT_LOC_STRINGS = NO;
				SWIFT_VERSION = 5.0;
				TARGETED_DEVICE_FAMILY = "1,2";
				TEST_TARGET_NAME = LBGToDo;
			};
			name = Release;
		};
/* End XCBuildConfiguration section */

/* Begin XCConfigurationList section */
		125F9FC32DEDA73E005197A0 /* Build configuration list for PBXProject "LBGToDo" */ = {
			isa = XCConfigurationList;
			buildConfigurations = (
				125F9FE72DEDA742005197A0 /* Debug */,
				125F9FE82DEDA742005197A0 /* Release */,
			);
			defaultConfigurationIsVisible = 0;
			defaultConfigurationName = Release;
		};
		125F9FE92DEDA742005197A0 /* Build configuration list for PBXNativeTarget "LBGToDo" */ = {
			isa = XCConfigurationList;
			buildConfigurations = (
				125F9FEA2DEDA742005197A0 /* Debug */,
				125F9FEB2DEDA742005197A0 /* Release */,
			);
			defaultConfigurationIsVisible = 0;
			defaultConfigurationName = Release;
		};
		125F9FEC2DEDA742005197A0 /* Build configuration list for PBXNativeTarget "LBGToDoTests" */ = {
			isa = XCConfigurationList;
			buildConfigurations = (
				125F9FED2DEDA742005197A0 /* Debug */,
				125F9FEE2DEDA742005197A0 /* Release */,
			);
			defaultConfigurationIsVisible = 0;
			defaultConfigurationName = Release;
		};
		125F9FEF2DEDA742005197A0 /* Build configuration list for PBXNativeTarget "LBGToDoUITests" */ = {
			isa = XCConfigurationList;
			buildConfigurations = (
				125F9FF02DEDA742005197A0 /* Debug */,
				125F9FF12DEDA742005197A0 /* Release */,
			);
			defaultConfigurationIsVisible = 0;
			defaultConfigurationName = Release;
		};
/* End XCConfigurationList section */
	};
	rootObject = 125F9FC02DEDA73E005197A0 /* Project object */;
}
